// !$*UTF8*$!
{
	archiveVersion = 1;
	classes = {
	};
	objectVersion = 55;
	objects = {

/* Begin PBXBuildFile section */
		B80D56222803C2CE000B63A8 /* IntakeSummaryView.swift in Sources */ = {isa = PBXBuildFile; fileRef = B80D56212803C2CE000B63A8 /* IntakeSummaryView.swift */; };
		B80D56242803E06B000B63A8 /* IntakeSummaryViewModel.swift in Sources */ = {isa = PBXBuildFile; fileRef = B80D56232803E06B000B63A8 /* IntakeSummaryViewModel.swift */; };
		B80D56262803EE5B000B63A8 /* String+Extension.swift in Sources */ = {isa = PBXBuildFile; fileRef = B80D56252803EE5B000B63A8 /* String+Extension.swift */; };
		B80D56282803F232000B63A8 /* Date+Extension.swift in Sources */ = {isa = PBXBuildFile; fileRef = B80D56272803F232000B63A8 /* Date+Extension.swift */; };
		B833533927FFD53000A7DF6B /* InfoText.swift in Sources */ = {isa = PBXBuildFile; fileRef = B833533827FFD53000A7DF6B /* InfoText.swift */; };
		B842BEE7280010BF00370B77 /* MealType.swift in Sources */ = {isa = PBXBuildFile; fileRef = B842BEE6280010BF00370B77 /* MealType.swift */; };
		B89471D127FB10AD0025D9E7 /* Food.swift in Sources */ = {isa = PBXBuildFile; fileRef = B89471D027FB10AD0025D9E7 /* Food.swift */; };
		B89471D327FB11330025D9E7 /* Nutrition.swift in Sources */ = {isa = PBXBuildFile; fileRef = B89471D227FB11330025D9E7 /* Nutrition.swift */; };
		B89471D527FB113C0025D9E7 /* Macro.swift in Sources */ = {isa = PBXBuildFile; fileRef = B89471D427FB113C0025D9E7 /* Macro.swift */; };
		B89471D827FB131B0025D9E7 /* Webservice.swift in Sources */ = {isa = PBXBuildFile; fileRef = B89471D727FB131B0025D9E7 /* Webservice.swift */; };
		B89B171A27FBE8A300C6CCD0 /* FoodListViewModel.swift in Sources */ = {isa = PBXBuildFile; fileRef = B89B171927FBE8A300C6CCD0 /* FoodListViewModel.swift */; };
		B89B171F27FBF5F600C6CCD0 /* UITableViewCellSubtitle.swift in Sources */ = {isa = PBXBuildFile; fileRef = B89B171E27FBF5F600C6CCD0 /* UITableViewCellSubtitle.swift */; };
		B89B172127FC02AA00C6CCD0 /* FoodDetailViewModel.swift in Sources */ = {isa = PBXBuildFile; fileRef = B89B172027FC02AA00C6CCD0 /* FoodDetailViewModel.swift */; };
		B89F5DDB280341AC0032A217 /* FoodData+CoreDataClass.swift in Sources */ = {isa = PBXBuildFile; fileRef = B89F5DD9280341AC0032A217 /* FoodData+CoreDataClass.swift */; };
		B89F5DDC280341AC0032A217 /* FoodData+CoreDataProperties.swift in Sources */ = {isa = PBXBuildFile; fileRef = B89F5DDA280341AC0032A217 /* FoodData+CoreDataProperties.swift */; };
		B8B8422A27F8ADF10095AF71 /* HealthLab_MacroApp.swift in Sources */ = {isa = PBXBuildFile; fileRef = B8B8422927F8ADF10095AF71 /* HealthLab_MacroApp.swift */; };
		B8B8422C27F8ADF10095AF71 /* MainTabView.swift in Sources */ = {isa = PBXBuildFile; fileRef = B8B8422B27F8ADF10095AF71 /* MainTabView.swift */; };
		B8B8422E27F8ADF20095AF71 /* Assets.xcassets in Resources */ = {isa = PBXBuildFile; fileRef = B8B8422D27F8ADF20095AF71 /* Assets.xcassets */; };
		B8B8423127F8ADF20095AF71 /* Preview Assets.xcassets in Resources */ = {isa = PBXBuildFile; fileRef = B8B8423027F8ADF20095AF71 /* Preview Assets.xcassets */; };
		B8B8423327F8ADF20095AF71 /* PersistenceController.swift in Sources */ = {isa = PBXBuildFile; fileRef = B8B8423227F8ADF20095AF71 /* PersistenceController.swift */; };
		B8B8423627F8ADF20095AF71 /* HealthLab_Macro.xcdatamodeld in Sources */ = {isa = PBXBuildFile; fileRef = B8B8423427F8ADF20095AF71 /* HealthLab_Macro.xcdatamodeld */; };
		B8B9ABA027F9BB5C009B0925 /* AppDelegate.swift in Sources */ = {isa = PBXBuildFile; fileRef = B8B9AB9F27F9BB5C009B0925 /* AppDelegate.swift */; };
		B8B9ABA427F9BC33009B0925 /* FoodListView.swift in Sources */ = {isa = PBXBuildFile; fileRef = B8B9ABA327F9BC33009B0925 /* FoodListView.swift */; };
		B8B9ABA627F9BDA2009B0925 /* SummaryListView.swift in Sources */ = {isa = PBXBuildFile; fileRef = B8B9ABA527F9BDA2009B0925 /* SummaryListView.swift */; };
		B8B9ABA827F9BF21009B0925 /* InfoView.swift in Sources */ = {isa = PBXBuildFile; fileRef = B8B9ABA727F9BF21009B0925 /* InfoView.swift */; };
		B8B9ABAA27F9BF4D009B0925 /* FoodDetailView.swift in Sources */ = {isa = PBXBuildFile; fileRef = B8B9ABA927F9BF4D009B0925 /* FoodDetailView.swift */; };
		B8BF78E327FD526D00D1E926 /* UITableViewCellDefault.swift in Sources */ = {isa = PBXBuildFile; fileRef = B8BF78E227FD526D00D1E926 /* UITableViewCellDefault.swift */; };
/* End PBXBuildFile section */

/* Begin PBXFileReference section */
		B80D56212803C2CE000B63A8 /* IntakeSummaryView.swift */ = {isa = PBXFileReference; lastKnownFileType = sourcecode.swift; path = IntakeSummaryView.swift; sourceTree = "<group>"; };
		B80D56232803E06B000B63A8 /* IntakeSummaryViewModel.swift */ = {isa = PBXFileReference; lastKnownFileType = sourcecode.swift; path = IntakeSummaryViewModel.swift; sourceTree = "<group>"; };
		B80D56252803EE5B000B63A8 /* String+Extension.swift */ = {isa = PBXFileReference; lastKnownFileType = sourcecode.swift; path = "String+Extension.swift"; sourceTree = "<group>"; };
		B80D56272803F232000B63A8 /* Date+Extension.swift */ = {isa = PBXFileReference; lastKnownFileType = sourcecode.swift; path = "Date+Extension.swift"; sourceTree = "<group>"; };
		B833533827FFD53000A7DF6B /* InfoText.swift */ = {isa = PBXFileReference; lastKnownFileType = sourcecode.swift; path = InfoText.swift; sourceTree = "<group>"; };
		B842BEE6280010BF00370B77 /* MealType.swift */ = {isa = PBXFileReference; fileEncoding = 4; lastKnownFileType = sourcecode.swift; path = MealType.swift; sourceTree = "<group>"; };
		B89471D027FB10AD0025D9E7 /* Food.swift */ = {isa = PBXFileReference; lastKnownFileType = sourcecode.swift; path = Food.swift; sourceTree = "<group>"; };
		B89471D227FB11330025D9E7 /* Nutrition.swift */ = {isa = PBXFileReference; lastKnownFileType = sourcecode.swift; path = Nutrition.swift; sourceTree = "<group>"; };
		B89471D427FB113C0025D9E7 /* Macro.swift */ = {isa = PBXFileReference; lastKnownFileType = sourcecode.swift; path = Macro.swift; sourceTree = "<group>"; };
		B89471D727FB131B0025D9E7 /* Webservice.swift */ = {isa = PBXFileReference; lastKnownFileType = sourcecode.swift; path = Webservice.swift; sourceTree = "<group>"; };
		B89B171927FBE8A300C6CCD0 /* FoodListViewModel.swift */ = {isa = PBXFileReference; lastKnownFileType = sourcecode.swift; path = FoodListViewModel.swift; sourceTree = "<group>"; };
		B89B171E27FBF5F600C6CCD0 /* UITableViewCellSubtitle.swift */ = {isa = PBXFileReference; lastKnownFileType = sourcecode.swift; path = UITableViewCellSubtitle.swift; sourceTree = "<group>"; };
		B89B172027FC02AA00C6CCD0 /* FoodDetailViewModel.swift */ = {isa = PBXFileReference; lastKnownFileType = sourcecode.swift; path = FoodDetailViewModel.swift; sourceTree = "<group>"; };
		B89F5DD9280341AC0032A217 /* FoodData+CoreDataClass.swift */ = {isa = PBXFileReference; lastKnownFileType = sourcecode.swift; path = "FoodData+CoreDataClass.swift"; sourceTree = "<group>"; };
		B89F5DDA280341AC0032A217 /* FoodData+CoreDataProperties.swift */ = {isa = PBXFileReference; lastKnownFileType = sourcecode.swift; path = "FoodData+CoreDataProperties.swift"; sourceTree = "<group>"; };
		B8B8422627F8ADF10095AF71 /* Macro.app */ = {isa = PBXFileReference; explicitFileType = wrapper.application; includeInIndex = 0; path = Macro.app; sourceTree = BUILT_PRODUCTS_DIR; };
		B8B8422927F8ADF10095AF71 /* HealthLab_MacroApp.swift */ = {isa = PBXFileReference; lastKnownFileType = sourcecode.swift; path = HealthLab_MacroApp.swift; sourceTree = "<group>"; };
		B8B8422B27F8ADF10095AF71 /* MainTabView.swift */ = {isa = PBXFileReference; lastKnownFileType = sourcecode.swift; path = MainTabView.swift; sourceTree = "<group>"; };
		B8B8422D27F8ADF20095AF71 /* Assets.xcassets */ = {isa = PBXFileReference; lastKnownFileType = folder.assetcatalog; path = Assets.xcassets; sourceTree = "<group>"; };
		B8B8423027F8ADF20095AF71 /* Preview Assets.xcassets */ = {isa = PBXFileReference; lastKnownFileType = folder.assetcatalog; path = "Preview Assets.xcassets"; sourceTree = "<group>"; };
		B8B8423227F8ADF20095AF71 /* PersistenceController.swift */ = {isa = PBXFileReference; lastKnownFileType = sourcecode.swift; path = PersistenceController.swift; sourceTree = "<group>"; };
		B8B8423527F8ADF20095AF71 /* HealthLab_Macro.xcdatamodel */ = {isa = PBXFileReference; lastKnownFileType = wrapper.xcdatamodel; path = HealthLab_Macro.xcdatamodel; sourceTree = "<group>"; };
		B8B9AB9F27F9BB5C009B0925 /* AppDelegate.swift */ = {isa = PBXFileReference; lastKnownFileType = sourcecode.swift; path = AppDelegate.swift; sourceTree = "<group>"; };
		B8B9ABA327F9BC33009B0925 /* FoodListView.swift */ = {isa = PBXFileReference; lastKnownFileType = sourcecode.swift; path = FoodListView.swift; sourceTree = "<group>"; };
		B8B9ABA527F9BDA2009B0925 /* SummaryListView.swift */ = {isa = PBXFileReference; lastKnownFileType = sourcecode.swift; path = SummaryListView.swift; sourceTree = "<group>"; };
		B8B9ABA727F9BF21009B0925 /* InfoView.swift */ = {isa = PBXFileReference; lastKnownFileType = sourcecode.swift; path = InfoView.swift; sourceTree = "<group>"; };
		B8B9ABA927F9BF4D009B0925 /* FoodDetailView.swift */ = {isa = PBXFileReference; lastKnownFileType = sourcecode.swift; path = FoodDetailView.swift; sourceTree = "<group>"; };
		B8BF78E227FD526D00D1E926 /* UITableViewCellDefault.swift */ = {isa = PBXFileReference; lastKnownFileType = sourcecode.swift; path = UITableViewCellDefault.swift; sourceTree = "<group>"; };
/* End PBXFileReference section */

/* Begin PBXFrameworksBuildPhase section */
		B8B8422327F8ADF10095AF71 /* Frameworks */ = {
			isa = PBXFrameworksBuildPhase;
			buildActionMask = 2147483647;
			files = (
			);
			runOnlyForDeploymentPostprocessing = 0;
		};
/* End PBXFrameworksBuildPhase section */

/* Begin PBXGroup section */
		B833533727FFD50E00A7DF6B /* Utilities */ = {
			isa = PBXGroup;
			children = (
				B833533827FFD53000A7DF6B /* InfoText.swift */,
				B80D56252803EE5B000B63A8 /* String+Extension.swift */,
				B80D56272803F232000B63A8 /* Date+Extension.swift */,
			);
			path = Utilities;
			sourceTree = "<group>";
		};
		B89471CF27FADE910025D9E7 /* Models */ = {
			isa = PBXGroup;
			children = (
				B842BEE6280010BF00370B77 /* MealType.swift */,
				B89471D027FB10AD0025D9E7 /* Food.swift */,
				B89471D227FB11330025D9E7 /* Nutrition.swift */,
				B89471D427FB113C0025D9E7 /* Macro.swift */,
			);
			path = Models;
			sourceTree = "<group>";
		};
		B89471D627FB12920025D9E7 /* Service */ = {
			isa = PBXGroup;
			children = (
				B89471D727FB131B0025D9E7 /* Webservice.swift */,
			);
			path = Service;
			sourceTree = "<group>";
		};
		B89B171B27FBF5B400C6CCD0 /* Cells */ = {
			isa = PBXGroup;
			children = (
				B89B171E27FBF5F600C6CCD0 /* UITableViewCellSubtitle.swift */,
				B8BF78E227FD526D00D1E926 /* UITableViewCellDefault.swift */,
			);
			path = Cells;
			sourceTree = "<group>";
		};
		B8B8421D27F8ADF10095AF71 = {
			isa = PBXGroup;
			children = (
				B8B8422827F8ADF10095AF71 /* HealthLab-Macro */,
				B8B8422727F8ADF10095AF71 /* Products */,
			);
			sourceTree = "<group>";
		};
		B8B8422727F8ADF10095AF71 /* Products */ = {
			isa = PBXGroup;
			children = (
				B8B8422627F8ADF10095AF71 /* Macro.app */,
			);
			name = Products;
			sourceTree = "<group>";
		};
		B8B8422827F8ADF10095AF71 /* HealthLab-Macro */ = {
			isa = PBXGroup;
			children = (
				B8B9AB9D27F9BAA7009B0925 /* Assets */,
				B89471D627FB12920025D9E7 /* Service */,
				B833533727FFD50E00A7DF6B /* Utilities */,
				B89471CF27FADE910025D9E7 /* Models */,
				B8B9AB9C27F9BA9C009B0925 /* App Delegate */,
				B8B9AB9B27F9BA94009B0925 /* View Models */,
				B8B9AB9A27F9B99C009B0925 /* Views */,
				B8B9AB9E27F9BAB5009B0925 /* Persistence */,
			);
			path = "HealthLab-Macro";
			sourceTree = "<group>";
		};
		B8B9AB9A27F9B99C009B0925 /* Views */ = {
			isa = PBXGroup;
			children = (
				B89B171B27FBF5B400C6CCD0 /* Cells */,
				B8B8422B27F8ADF10095AF71 /* MainTabView.swift */,
				B8B9ABA327F9BC33009B0925 /* FoodListView.swift */,
				B8B9ABA527F9BDA2009B0925 /* SummaryListView.swift */,
				B8B9ABA727F9BF21009B0925 /* InfoView.swift */,
				B8B9ABA927F9BF4D009B0925 /* FoodDetailView.swift */,
				B80D56212803C2CE000B63A8 /* IntakeSummaryView.swift */,
			);
			path = Views;
			sourceTree = "<group>";
		};
		B8B9AB9B27F9BA94009B0925 /* View Models */ = {
			isa = PBXGroup;
			children = (
				B89B171927FBE8A300C6CCD0 /* FoodListViewModel.swift */,
				B89B172027FC02AA00C6CCD0 /* FoodDetailViewModel.swift */,
				B80D56232803E06B000B63A8 /* IntakeSummaryViewModel.swift */,
			);
			path = "View Models";
			sourceTree = "<group>";
		};
		B8B9AB9C27F9BA9C009B0925 /* App Delegate */ = {
			isa = PBXGroup;
			children = (
				B8B8422927F8ADF10095AF71 /* HealthLab_MacroApp.swift */,
				B8B9AB9F27F9BB5C009B0925 /* AppDelegate.swift */,
			);
			path = "App Delegate";
			sourceTree = "<group>";
		};
		B8B9AB9D27F9BAA7009B0925 /* Assets */ = {
			isa = PBXGroup;
			children = (
				B8B8422D27F8ADF20095AF71 /* Assets.xcassets */,
				B8B8423027F8ADF20095AF71 /* Preview Assets.xcassets */,
			);
			path = Assets;
			sourceTree = "<group>";
		};
		B8B9AB9E27F9BAB5009B0925 /* Persistence */ = {
			isa = PBXGroup;
			children = (
				B89F5DD9280341AC0032A217 /* FoodData+CoreDataClass.swift */,
				B89F5DDA280341AC0032A217 /* FoodData+CoreDataProperties.swift */,
				B8B8423227F8ADF20095AF71 /* PersistenceController.swift */,
				B8B8423427F8ADF20095AF71 /* HealthLab_Macro.xcdatamodeld */,
			);
			path = Persistence;
			sourceTree = "<group>";
		};
/* End PBXGroup section */

/* Begin PBXNativeTarget section */
		B8B8422527F8ADF10095AF71 /* HealthLab-Macro */ = {
			isa = PBXNativeTarget;
			buildConfigurationList = B8B8423927F8ADF20095AF71 /* Build configuration list for PBXNativeTarget "HealthLab-Macro" */;
			buildPhases = (
				B8B8422227F8ADF10095AF71 /* Sources */,
				B8B8422327F8ADF10095AF71 /* Frameworks */,
				B8B8422427F8ADF10095AF71 /* Resources */,
			);
			buildRules = (
			);
			dependencies = (
			);
			name = "HealthLab-Macro";
			productName = "HealthLab-Macro";
			productReference = B8B8422627F8ADF10095AF71 /* Macro.app */;
			productType = "com.apple.product-type.application";
		};
/* End PBXNativeTarget section */

/* Begin PBXProject section */
		B8B8421E27F8ADF10095AF71 /* Project object */ = {
			isa = PBXProject;
			attributes = {
				BuildIndependentTargetsInParallel = 1;
				LastSwiftUpdateCheck = 1330;
				LastUpgradeCheck = 1330;
				TargetAttributes = {
					B8B8422527F8ADF10095AF71 = {
						CreatedOnToolsVersion = 13.3;
					};
				};
			};
			buildConfigurationList = B8B8422127F8ADF10095AF71 /* Build configuration list for PBXProject "HealthLab-Macro" */;
			compatibilityVersion = "Xcode 13.0";
			developmentRegion = en;
			hasScannedForEncodings = 0;
			knownRegions = (
				en,
				Base,
			);
			mainGroup = B8B8421D27F8ADF10095AF71;
			productRefGroup = B8B8422727F8ADF10095AF71 /* Products */;
			projectDirPath = "";
			projectRoot = "";
			targets = (
				B8B8422527F8ADF10095AF71 /* HealthLab-Macro */,
			);
		};
/* End PBXProject section */

/* Begin PBXResourcesBuildPhase section */
		B8B8422427F8ADF10095AF71 /* Resources */ = {
			isa = PBXResourcesBuildPhase;
			buildActionMask = 2147483647;
			files = (
				B8B8423127F8ADF20095AF71 /* Preview Assets.xcassets in Resources */,
				B8B8422E27F8ADF20095AF71 /* Assets.xcassets in Resources */,
			);
			runOnlyForDeploymentPostprocessing = 0;
		};
/* End PBXResourcesBuildPhase section */

/* Begin PBXSourcesBuildPhase section */
		B8B8422227F8ADF10095AF71 /* Sources */ = {
			isa = PBXSourcesBuildPhase;
			buildActionMask = 2147483647;
			files = (
				B8B9ABA827F9BF21009B0925 /* InfoView.swift in Sources */,
				B80D56242803E06B000B63A8 /* IntakeSummaryViewModel.swift in Sources */,
				B89F5DDC280341AC0032A217 /* FoodData+CoreDataProperties.swift in Sources */,
				B8B9ABA427F9BC33009B0925 /* FoodListView.swift in Sources */,
				B8B9ABAA27F9BF4D009B0925 /* FoodDetailView.swift in Sources */,
				B8B8423327F8ADF20095AF71 /* PersistenceController.swift in Sources */,
				B80D56282803F232000B63A8 /* Date+Extension.swift in Sources */,
				B89471D527FB113C0025D9E7 /* Macro.swift in Sources */,
				B842BEE7280010BF00370B77 /* MealType.swift in Sources */,
				B80D56222803C2CE000B63A8 /* IntakeSummaryView.swift in Sources */,
				B8B8422C27F8ADF10095AF71 /* MainTabView.swift in Sources */,
				B89471D327FB11330025D9E7 /* Nutrition.swift in Sources */,
				B8B8423627F8ADF20095AF71 /* HealthLab_Macro.xcdatamodeld in Sources */,
				B833533927FFD53000A7DF6B /* InfoText.swift in Sources */,
				B89B171F27FBF5F600C6CCD0 /* UITableViewCellSubtitle.swift in Sources */,
				B8B9ABA027F9BB5C009B0925 /* AppDelegate.swift in Sources */,
				B8BF78E327FD526D00D1E926 /* UITableViewCellDefault.swift in Sources */,
				B80D56262803EE5B000B63A8 /* String+Extension.swift in Sources */,
				B89471D127FB10AD0025D9E7 /* Food.swift in Sources */,
				B89B172127FC02AA00C6CCD0 /* FoodDetailViewModel.swift in Sources */,
				B89B171A27FBE8A300C6CCD0 /* FoodListViewModel.swift in Sources */,
				B89471D827FB131B0025D9E7 /* Webservice.swift in Sources */,
				B89F5DDB280341AC0032A217 /* FoodData+CoreDataClass.swift in Sources */,
				B8B8422A27F8ADF10095AF71 /* HealthLab_MacroApp.swift in Sources */,
				B8B9ABA627F9BDA2009B0925 /* SummaryListView.swift in Sources */,
			);
			runOnlyForDeploymentPostprocessing = 0;
		};
/* End PBXSourcesBuildPhase section */

/* Begin XCBuildConfiguration section */
		B8B8423727F8ADF20095AF71 /* Debug */ = {
			isa = XCBuildConfiguration;
			buildSettings = {
				ALWAYS_SEARCH_USER_PATHS = NO;
				CLANG_ANALYZER_NONNULL = YES;
				CLANG_ANALYZER_NUMBER_OBJECT_CONVERSION = YES_AGGRESSIVE;
				CLANG_CXX_LANGUAGE_STANDARD = "gnu++17";
				CLANG_ENABLE_MODULES = YES;
				CLANG_ENABLE_OBJC_ARC = YES;
				CLANG_ENABLE_OBJC_WEAK = YES;
				CLANG_WARN_BLOCK_CAPTURE_AUTORELEASING = YES;
				CLANG_WARN_BOOL_CONVERSION = YES;
				CLANG_WARN_COMMA = YES;
				CLANG_WARN_CONSTANT_CONVERSION = YES;
				CLANG_WARN_DEPRECATED_OBJC_IMPLEMENTATIONS = YES;
				CLANG_WARN_DIRECT_OBJC_ISA_USAGE = YES_ERROR;
				CLANG_WARN_DOCUMENTATION_COMMENTS = YES;
				CLANG_WARN_EMPTY_BODY = YES;
				CLANG_WARN_ENUM_CONVERSION = YES;
				CLANG_WARN_INFINITE_RECURSION = YES;
				CLANG_WARN_INT_CONVERSION = YES;
				CLANG_WARN_NON_LITERAL_NULL_CONVERSION = YES;
				CLANG_WARN_OBJC_IMPLICIT_RETAIN_SELF = YES;
				CLANG_WARN_OBJC_LITERAL_CONVERSION = YES;
				CLANG_WARN_OBJC_ROOT_CLASS = YES_ERROR;
				CLANG_WARN_QUOTED_INCLUDE_IN_FRAMEWORK_HEADER = YES;
				CLANG_WARN_RANGE_LOOP_ANALYSIS = YES;
				CLANG_WARN_STRICT_PROTOTYPES = YES;
				CLANG_WARN_SUSPICIOUS_MOVE = YES;
				CLANG_WARN_UNGUARDED_AVAILABILITY = YES_AGGRESSIVE;
				CLANG_WARN_UNREACHABLE_CODE = YES;
				CLANG_WARN__DUPLICATE_METHOD_MATCH = YES;
				COPY_PHASE_STRIP = NO;
				DEBUG_INFORMATION_FORMAT = dwarf;
				ENABLE_STRICT_OBJC_MSGSEND = YES;
				ENABLE_TESTABILITY = YES;
				GCC_C_LANGUAGE_STANDARD = gnu11;
				GCC_DYNAMIC_NO_PIC = NO;
				GCC_NO_COMMON_BLOCKS = YES;
				GCC_OPTIMIZATION_LEVEL = 0;
				GCC_PREPROCESSOR_DEFINITIONS = (
					"DEBUG=1",
					"$(inherited)",
				);
				GCC_WARN_64_TO_32_BIT_CONVERSION = YES;
				GCC_WARN_ABOUT_RETURN_TYPE = YES_ERROR;
				GCC_WARN_UNDECLARED_SELECTOR = YES;
				GCC_WARN_UNINITIALIZED_AUTOS = YES_AGGRESSIVE;
				GCC_WARN_UNUSED_FUNCTION = YES;
				GCC_WARN_UNUSED_VARIABLE = YES;
				IPHONEOS_DEPLOYMENT_TARGET = 15.4;
				MTL_ENABLE_DEBUG_INFO = INCLUDE_SOURCE;
				MTL_FAST_MATH = YES;
				ONLY_ACTIVE_ARCH = YES;
				SDKROOT = iphoneos;
				SWIFT_ACTIVE_COMPILATION_CONDITIONS = DEBUG;
				SWIFT_OPTIMIZATION_LEVEL = "-Onone";
			};
			name = Debug;
		};
		B8B8423827F8ADF20095AF71 /* Release */ = {
			isa = XCBuildConfiguration;
			buildSettings = {
				ALWAYS_SEARCH_USER_PATHS = NO;
				CLANG_ANALYZER_NONNULL = YES;
				CLANG_ANALYZER_NUMBER_OBJECT_CONVERSION = YES_AGGRESSIVE;
				CLANG_CXX_LANGUAGE_STANDARD = "gnu++17";
				CLANG_ENABLE_MODULES = YES;
				CLANG_ENABLE_OBJC_ARC = YES;
				CLANG_ENABLE_OBJC_WEAK = YES;
				CLANG_WARN_BLOCK_CAPTURE_AUTORELEASING = YES;
				CLANG_WARN_BOOL_CONVERSION = YES;
				CLANG_WARN_COMMA = YES;
				CLANG_WARN_CONSTANT_CONVERSION = YES;
				CLANG_WARN_DEPRECATED_OBJC_IMPLEMENTATIONS = YES;
				CLANG_WARN_DIRECT_OBJC_ISA_USAGE = YES_ERROR;
				CLANG_WARN_DOCUMENTATION_COMMENTS = YES;
				CLANG_WARN_EMPTY_BODY = YES;
				CLANG_WARN_ENUM_CONVERSION = YES;
				CLANG_WARN_INFINITE_RECURSION = YES;
				CLANG_WARN_INT_CONVERSION = YES;
				CLANG_WARN_NON_LITERAL_NULL_CONVERSION = YES;
				CLANG_WARN_OBJC_IMPLICIT_RETAIN_SELF = YES;
				CLANG_WARN_OBJC_LITERAL_CONVERSION = YES;
				CLANG_WARN_OBJC_ROOT_CLASS = YES_ERROR;
				CLANG_WARN_QUOTED_INCLUDE_IN_FRAMEWORK_HEADER = YES;
				CLANG_WARN_RANGE_LOOP_ANALYSIS = YES;
				CLANG_WARN_STRICT_PROTOTYPES = YES;
				CLANG_WARN_SUSPICIOUS_MOVE = YES;
				CLANG_WARN_UNGUARDED_AVAILABILITY = YES_AGGRESSIVE;
				CLANG_WARN_UNREACHABLE_CODE = YES;
				CLANG_WARN__DUPLICATE_METHOD_MATCH = YES;
				COPY_PHASE_STRIP = NO;
				DEBUG_INFORMATION_FORMAT = "dwarf-with-dsym";
				ENABLE_NS_ASSERTIONS = NO;
				ENABLE_STRICT_OBJC_MSGSEND = YES;
				GCC_C_LANGUAGE_STANDARD = gnu11;
				GCC_NO_COMMON_BLOCKS = YES;
				GCC_WARN_64_TO_32_BIT_CONVERSION = YES;
				GCC_WARN_ABOUT_RETURN_TYPE = YES_ERROR;
				GCC_WARN_UNDECLARED_SELECTOR = YES;
				GCC_WARN_UNINITIALIZED_AUTOS = YES_AGGRESSIVE;
				GCC_WARN_UNUSED_FUNCTION = YES;
				GCC_WARN_UNUSED_VARIABLE = YES;
				IPHONEOS_DEPLOYMENT_TARGET = 15.4;
				MTL_ENABLE_DEBUG_INFO = NO;
				MTL_FAST_MATH = YES;
				SDKROOT = iphoneos;
				SWIFT_COMPILATION_MODE = wholemodule;
				SWIFT_OPTIMIZATION_LEVEL = "-O";
				VALIDATE_PRODUCT = YES;
			};
			name = Release;
		};
		B8B8423A27F8ADF20095AF71 /* Debug */ = {
			isa = XCBuildConfiguration;
			buildSettings = {
				ASSETCATALOG_COMPILER_APPICON_NAME = AppIcon;
				ASSETCATALOG_COMPILER_GLOBAL_ACCENT_COLOR_NAME = AccentColor;
				CODE_SIGN_STYLE = Automatic;
				CURRENT_PROJECT_VERSION = 1;
				DEVELOPMENT_ASSET_PATHS = "HealthLab-Macro/Assets/Preview\\ Assets.xcassets";
				DEVELOPMENT_TEAM = 6J2XDDYT2W;
				ENABLE_PREVIEWS = YES;
				GENERATE_INFOPLIST_FILE = YES;
				INFOPLIST_KEY_UIApplicationSceneManifest_Generation = YES;
				INFOPLIST_KEY_UIApplicationSupportsIndirectInputEvents = YES;
				INFOPLIST_KEY_UILaunchScreen_Generation = YES;
				INFOPLIST_KEY_UISupportedInterfaceOrientations_iPad = "UIInterfaceOrientationPortrait UIInterfaceOrientationPortraitUpsideDown UIInterfaceOrientationLandscapeLeft UIInterfaceOrientationLandscapeRight";
				INFOPLIST_KEY_UISupportedInterfaceOrientations_iPhone = "UIInterfaceOrientationPortrait UIInterfaceOrientationLandscapeLeft UIInterfaceOrientationLandscapeRight";
				IPHONEOS_DEPLOYMENT_TARGET = 15.0;
				LD_RUNPATH_SEARCH_PATHS = (
					"$(inherited)",
					"@executable_path/Frameworks",
				);
				MARKETING_VERSION = 1.0;
				PRODUCT_BUNDLE_IDENTIFIER = "com.cleanrun.HealthLab-Macro";
				PRODUCT_NAME = Macro;
				SWIFT_EMIT_LOC_STRINGS = YES;
				SWIFT_VERSION = 5.0;
				TARGETED_DEVICE_FAMILY = 1;
			};
			name = Debug;
		};
		B8B8423B27F8ADF20095AF71 /* Release */ = {
			isa = XCBuildConfiguration;
			buildSettings = {
				ASSETCATALOG_COMPILER_APPICON_NAME = AppIcon;
				ASSETCATALOG_COMPILER_GLOBAL_ACCENT_COLOR_NAME = AccentColor;
				CODE_SIGN_STYLE = Automatic;
				CURRENT_PROJECT_VERSION = 1;
				DEVELOPMENT_ASSET_PATHS = "HealthLab-Macro/Assets/Preview\\ Assets.xcassets";
				DEVELOPMENT_TEAM = 6J2XDDYT2W;
				ENABLE_PREVIEWS = YES;
				GENERATE_INFOPLIST_FILE = YES;
				INFOPLIST_KEY_UIApplicationSceneManifest_Generation = YES;
				INFOPLIST_KEY_UIApplicationSupportsIndirectInputEvents = YES;
				INFOPLIST_KEY_UILaunchScreen_Generation = YES;
				INFOPLIST_KEY_UISupportedInterfaceOrientations_iPad = "UIInterfaceOrientationPortrait UIInterfaceOrientationPortraitUpsideDown UIInterfaceOrientationLandscapeLeft UIInterfaceOrientationLandscapeRight";
				INFOPLIST_KEY_UISupportedInterfaceOrientations_iPhone = "UIInterfaceOrientationPortrait UIInterfaceOrientationLandscapeLeft UIInterfaceOrientationLandscapeRight";
				IPHONEOS_DEPLOYMENT_TARGET = 15.0;
				LD_RUNPATH_SEARCH_PATHS = (
					"$(inherited)",
					"@executable_path/Frameworks",
				);
				MARKETING_VERSION = 1.0;
				PRODUCT_BUNDLE_IDENTIFIER = "com.cleanrun.HealthLab-Macro";
				PRODUCT_NAME = Macro;
				SWIFT_EMIT_LOC_STRINGS = YES;
				SWIFT_VERSION = 5.0;
				TARGETED_DEVICE_FAMILY = 1;
			};
			name = Release;
		};
/* End XCBuildConfiguration section */

/* Begin XCConfigurationList section */
		B8B8422127F8ADF10095AF71 /* Build configuration list for PBXProject "HealthLab-Macro" */ = {
			isa = XCConfigurationList;
			buildConfigurations = (
				B8B8423727F8ADF20095AF71 /* Debug */,
				B8B8423827F8ADF20095AF71 /* Release */,
			);
			defaultConfigurationIsVisible = 0;
			defaultConfigurationName = Release;
		};
		B8B8423927F8ADF20095AF71 /* Build configuration list for PBXNativeTarget "HealthLab-Macro" */ = {
			isa = XCConfigurationList;
			buildConfigurations = (
				B8B8423A27F8ADF20095AF71 /* Debug */,
				B8B8423B27F8ADF20095AF71 /* Release */,
			);
			defaultConfigurationIsVisible = 0;
			defaultConfigurationName = Release;
		};
/* End XCConfigurationList section */

/* Begin XCVersionGroup section */
		B8B8423427F8ADF20095AF71 /* HealthLab_Macro.xcdatamodeld */ = {
			isa = XCVersionGroup;
			children = (
				B8B8423527F8ADF20095AF71 /* HealthLab_Macro.xcdatamodel */,
			);
			currentVersion = B8B8423527F8ADF20095AF71 /* HealthLab_Macro.xcdatamodel */;
			path = HealthLab_Macro.xcdatamodeld;
			sourceTree = "<group>";
			versionGroupType = wrapper.xcdatamodel;
		};
/* End XCVersionGroup section */
	};
	rootObject = B8B8421E27F8ADF10095AF71 /* Project object */;
}
